
Microsoft Visual Studio Solution File, Format Version 12.00
# Visual Studio Version 17
VisualStudioVersion = 17.10.34928.147
MinimumVisualStudioVersion = 10.0.40219.1
Project("{FAE04EC0-301F-11D3-BF4B-00C04F79EFBC}") = "GameZone", "GameZone.csproj", "{9B8D42D0-3B4B-4FA2-AE68-4D1C6340CA69}"
EndProject
Global
	GlobalSection(SolutionConfigurationPlatforms) = preSolution
		Debug|Any CPU = Debug|Any CPU
		Release|Any CPU = Release|Any CPU
	EndGlobalSection
	GlobalSection(ProjectConfigurationPlatforms) = postSolution
		{9B8D42D0-3B4B-4FA2-AE68-4D1C6340CA69}.Debug|Any CPU.ActiveCfg = Debug|Any CPU
		{9B8D42D0-3B4B-4FA2-AE68-4D1C6340CA69}.Debug|Any CPU.Build.0 = Debug|Any CPU
		{9B8D42D0-3B4B-4FA2-AE68-4D1C6340CA69}.Release|Any CPU.ActiveCfg = Release|Any CPU
		{9B8D42D0-3B4B-4FA2-AE68-4D1C6340CA69}.Release|Any CPU.Build.0 = Release|Any CPU
	EndGlobalSection
	GlobalSection(SolutionProperties) = preSolution
		HideSolutionNode = FALSE
	EndGlobalSection
	GlobalSection(ExtensibilityGlobals) = postSolution
		SolutionGuid = {C8D97AF8-B11A-4B93-BE9C-C42C9D84640B}
	EndGlobalSection
EndGlobal
